
Microsoft Visual Studio Solution File, Format Version 12.00
# Visual Studio Version 17
VisualStudioVersion = 17.8.34408.163
MinimumVisualStudioVersion = 10.0.40219.1
Project("{9A19103F-16F7-4668-BE54-9A1E7A4F7556}") = "depthchart.api", "depthchart.api\depthchart.api.csproj", "{7B6F48D6-424C-4A0A-BDF6-3B8FF511980C}"
EndProject
Project("{9A19103F-16F7-4668-BE54-9A1E7A4F7556}") = "depthchart.api.tests", "depthchart.api.tests\depthchart.api.tests.csproj", "{B382B95E-035A-4D94-A1F2-9FCF50547508}"
EndProject
Project("{2150E333-8FDC-42A3-9474-1A3956D46DE8}") = "Solution Items", "Solution Items", "{F55E656F-E02C-4F48-AFE6-497A07083B07}"
	ProjectSection(SolutionItems) = preProject
		..\README.md = ..\README.md
	EndProjectSection
EndProject
Global
	GlobalSection(SolutionConfigurationPlatforms) = preSolution
		Debug|Any CPU = Debug|Any CPU
		Release|Any CPU = Release|Any CPU
	EndGlobalSection
	GlobalSection(ProjectConfigurationPlatforms) = postSolution
		{7B6F48D6-424C-4A0A-BDF6-3B8FF511980C}.Debug|Any CPU.ActiveCfg = Debug|Any CPU
		{7B6F48D6-424C-4A0A-BDF6-3B8FF511980C}.Debug|Any CPU.Build.0 = Debug|Any CPU
		{7B6F48D6-424C-4A0A-BDF6-3B8FF511980C}.Release|Any CPU.ActiveCfg = Release|Any CPU
		{7B6F48D6-424C-4A0A-BDF6-3B8FF511980C}.Release|Any CPU.Build.0 = Release|Any CPU
		{B382B95E-035A-4D94-A1F2-9FCF50547508}.Debug|Any CPU.ActiveCfg = Debug|Any CPU
		{B382B95E-035A-4D94-A1F2-9FCF50547508}.Debug|Any CPU.Build.0 = Debug|Any CPU
		{B382B95E-035A-4D94-A1F2-9FCF50547508}.Release|Any CPU.ActiveCfg = Release|Any CPU
		{B382B95E-035A-4D94-A1F2-9FCF50547508}.Release|Any CPU.Build.0 = Release|Any CPU
	EndGlobalSection
	GlobalSection(SolutionProperties) = preSolution
		HideSolutionNode = FALSE
	EndGlobalSection
	GlobalSection(ExtensibilityGlobals) = postSolution
		SolutionGuid = {73AD3BE1-D815-4916-B445-39F04A9B6DDF}
	EndGlobalSection
EndGlobal
